
Microsoft Visual Studio Solution File, Format Version 12.00
# Visual Studio Version 17
VisualStudioVersion = 17.5.33414.496
MinimumVisualStudioVersion = 10.0.40219.1
Project("{FAE04EC0-301F-11D3-BF4B-00C04F79EFBC}") = "GraphicEditor", "GraphicEditor\GraphicEditor.csproj", "{C347BE11-4B78-4C49-B8E3-C2A79B1BF203}"
EndProject
Global
	GlobalSection(SolutionConfigurationPlatforms) = preSolution
		Debug|Any CPU = Debug|Any CPU
		Release|Any CPU = Release|Any CPU
	EndGlobalSection
	GlobalSection(ProjectConfigurationPlatforms) = postSolution
		{C347BE11-4B78-4C49-B8E3-C2A79B1BF203}.Debug|Any CPU.ActiveCfg = Debug|Any CPU
		{C347BE11-4B78-4C49-B8E3-C2A79B1BF203}.Debug|Any CPU.Build.0 = Debug|Any CPU
		{C347BE11-4B78-4C49-B8E3-C2A79B1BF203}.Release|Any CPU.ActiveCfg = Release|Any CPU
		{C347BE11-4B78-4C49-B8E3-C2A79B1BF203}.Release|Any CPU.Build.0 = Release|Any CPU
	EndGlobalSection
	GlobalSection(SolutionProperties) = preSolution
		HideSolutionNode = FALSE
	EndGlobalSection
	GlobalSection(ExtensibilityGlobals) = postSolution
		SolutionGuid = {7565C1FF-DBAD-49F4-A9E9-0DA295D6049C}
	EndGlobalSection
EndGlobal
